// !$*UTF8*$!
{
	archiveVersion = 1;
	classes = {
	};
	objectVersion = 56;
	objects = {

/* Begin PBXBuildFile section */
		7F294B652B3478DD0020C17E /* AppDelegate.swift in Sources */ = {isa = PBXBuildFile; fileRef = 7F294B642B3478DD0020C17E /* AppDelegate.swift */; };
		7F294B672B3478DD0020C17E /* SceneDelegate.swift in Sources */ = {isa = PBXBuildFile; fileRef = 7F294B662B3478DD0020C17E /* SceneDelegate.swift */; };
		7F294B6E2B3478DF0020C17E /* Assets.xcassets in Resources */ = {isa = PBXBuildFile; fileRef = 7F294B6D2B3478DF0020C17E /* Assets.xcassets */; };
		7F294B712B3478DF0020C17E /* LaunchScreen.storyboard in Resources */ = {isa = PBXBuildFile; fileRef = 7F294B6F2B3478DF0020C17E /* LaunchScreen.storyboard */; };
		7F294B802B347D160020C17E /* Coordinator.swift in Sources */ = {isa = PBXBuildFile; fileRef = 7F294B7F2B347D160020C17E /* Coordinator.swift */; };
		7F294B822B347D710020C17E /* AppCoordinator.swift in Sources */ = {isa = PBXBuildFile; fileRef = 7F294B812B347D710020C17E /* AppCoordinator.swift */; };
		7F294B842B347DC40020C17E /* HotelView.swift in Sources */ = {isa = PBXBuildFile; fileRef = 7F294B832B347DC40020C17E /* HotelView.swift */; };
		7F294B862B347DD20020C17E /* HotelCoordinator.swift in Sources */ = {isa = PBXBuildFile; fileRef = 7F294B852B347DD20020C17E /* HotelCoordinator.swift */; };
		7F294B882B347E060020C17E /* HotelViewModel.swift in Sources */ = {isa = PBXBuildFile; fileRef = 7F294B872B347E060020C17E /* HotelViewModel.swift */; };
		7F294B8A2B347EDF0020C17E /* Hotel.swift in Sources */ = {isa = PBXBuildFile; fileRef = 7F294B892B347EDF0020C17E /* Hotel.swift */; };
		7F294B8D2B347F590020C17E /* ApiManager.swift in Sources */ = {isa = PBXBuildFile; fileRef = 7F294B8C2B347F590020C17E /* ApiManager.swift */; };
		7F294B932B34816F0020C17E /* SFProDisplay-Semibold.ttf in Resources */ = {isa = PBXBuildFile; fileRef = 7F294B8F2B34816F0020C17E /* SFProDisplay-Semibold.ttf */; };
		7F294B942B34816F0020C17E /* SFProDisplay-Medium.ttf in Resources */ = {isa = PBXBuildFile; fileRef = 7F294B902B34816F0020C17E /* SFProDisplay-Medium.ttf */; };
		7F294B952B34816F0020C17E /* SFProDisplay-Bold.ttf in Resources */ = {isa = PBXBuildFile; fileRef = 7F294B912B34816F0020C17E /* SFProDisplay-Bold.ttf */; };
		7F294B962B34816F0020C17E /* SFProDisplay-Regular.ttf in Resources */ = {isa = PBXBuildFile; fileRef = 7F294B922B34816F0020C17E /* SFProDisplay-Regular.ttf */; };
		7F294B982B3481880020C17E /* SFProText.swift in Sources */ = {isa = PBXBuildFile; fileRef = 7F294B972B3481880020C17E /* SFProText.swift */; };
		7F294B9B2B34C5AE0020C17E /* ExtUIColor.swift in Sources */ = {isa = PBXBuildFile; fileRef = 7F294B9A2B34C5AE0020C17E /* ExtUIColor.swift */; };
		7F294B9E2B34C82D0020C17E /* PhotoView.swift in Sources */ = {isa = PBXBuildFile; fileRef = 7F294B9D2B34C82D0020C17E /* PhotoView.swift */; };
		7F294BA02B34C90C0020C17E /* StarView.swift in Sources */ = {isa = PBXBuildFile; fileRef = 7F294B9F2B34C90C0020C17E /* StarView.swift */; };
		7F294BA22B34CE1B0020C17E /* PriceView.swift in Sources */ = {isa = PBXBuildFile; fileRef = 7F294BA12B34CE1B0020C17E /* PriceView.swift */; };
		7F294BA52B34D0A10020C17E /* SizeReader.swift in Sources */ = {isa = PBXBuildFile; fileRef = 7F294BA42B34D0A10020C17E /* SizeReader.swift */; };
		7F294BA72B34D0C00020C17E /* _PeculiaritiesView.swift in Sources */ = {isa = PBXBuildFile; fileRef = 7F294BA62B34D0C00020C17E /* _PeculiaritiesView.swift */; };
		7F294BA92B34D0D10020C17E /* PeculiaritiesV.swift in Sources */ = {isa = PBXBuildFile; fileRef = 7F294BA82B34D0D10020C17E /* PeculiaritiesV.swift */; };
		7F294BAD2B34D2D20020C17E /* AboutHotel.swift in Sources */ = {isa = PBXBuildFile; fileRef = 7F294BAC2B34D2D20020C17E /* AboutHotel.swift */; };
		7F294BB22B34DBC80020C17E /* RoomsCoordinator.swift in Sources */ = {isa = PBXBuildFile; fileRef = 7F294BB12B34DBC80020C17E /* RoomsCoordinator.swift */; };
		7F294BB42B34DBF80020C17E /* RoomsViewModel.swift in Sources */ = {isa = PBXBuildFile; fileRef = 7F294BB32B34DBF80020C17E /* RoomsViewModel.swift */; };
		7F294BB62B34DC0F0020C17E /* RoomsView.swift in Sources */ = {isa = PBXBuildFile; fileRef = 7F294BB52B34DC0F0020C17E /* RoomsView.swift */; };
		7F7427082B36312500770A5B /* ReservationView.swift in Sources */ = {isa = PBXBuildFile; fileRef = 7F7427072B36312500770A5B /* ReservationView.swift */; };
		7F74270A2B36313100770A5B /* ReservationViewModel.swift in Sources */ = {isa = PBXBuildFile; fileRef = 7F7427092B36313100770A5B /* ReservationViewModel.swift */; };
		7F74270C2B36313D00770A5B /* ReservationCoordinator.swift in Sources */ = {isa = PBXBuildFile; fileRef = 7F74270B2B36313D00770A5B /* ReservationCoordinator.swift */; };
		7F7427102B3632F000770A5B /* Reservation.swift in Sources */ = {isa = PBXBuildFile; fileRef = 7F74270F2B3632F000770A5B /* Reservation.swift */; };
		7F7427132B36346F00770A5B /* HotelBlock.swift in Sources */ = {isa = PBXBuildFile; fileRef = 7F7427122B36346F00770A5B /* HotelBlock.swift */; };
		7F7427162B3639E100770A5B /* ReservationDetails.swift in Sources */ = {isa = PBXBuildFile; fileRef = 7F7427152B3639E100770A5B /* ReservationDetails.swift */; };
		7F7427182B3639EE00770A5B /* ReservationDetailsText.swift in Sources */ = {isa = PBXBuildFile; fileRef = 7F7427172B3639EE00770A5B /* ReservationDetailsText.swift */; };
		7F74271B2B3766DC00770A5B /* BuyerInformation.swift in Sources */ = {isa = PBXBuildFile; fileRef = 7F74271A2B3766DC00770A5B /* BuyerInformation.swift */; };
		7FA0398D2B38C43B000F2388 /* TotalPrice.swift in Sources */ = {isa = PBXBuildFile; fileRef = 7FA0398C2B38C43B000F2388 /* TotalPrice.swift */; };
		7FA039922B3A16C9000F2388 /* SectionTouristView.swift in Sources */ = {isa = PBXBuildFile; fileRef = 7FA039912B3A16C9000F2388 /* SectionTouristView.swift */; };
		7FA039942B3A18D0000F2388 /* TouristTextFieldView.swift in Sources */ = {isa = PBXBuildFile; fileRef = 7FA039932B3A18D0000F2388 /* TouristTextFieldView.swift */; };
		7FA039962B3C00AA000F2388 /* Tourist.swift in Sources */ = {isa = PBXBuildFile; fileRef = 7FA039952B3C00AA000F2388 /* Tourist.swift */; };
		7FA039982B3C1F35000F2388 /* TouristDropDownView.swift in Sources */ = {isa = PBXBuildFile; fileRef = 7FA039972B3C1F35000F2388 /* TouristDropDownView.swift */; };
		7FA0399B2B414F85000F2388 /* AddTourist.swift in Sources */ = {isa = PBXBuildFile; fileRef = 7FA0399A2B414F85000F2388 /* AddTourist.swift */; };
		7FF9D1082B35C2AC002307C5 /* Room.swift in Sources */ = {isa = PBXBuildFile; fileRef = 7FF9D1072B35C2AC002307C5 /* Room.swift */; };
		7FF9D10A2B35C302002307C5 /* Rooms.swift in Sources */ = {isa = PBXBuildFile; fileRef = 7FF9D1092B35C302002307C5 /* Rooms.swift */; };
		7FF9D10F2B35C3F8002307C5 /* TopView.swift in Sources */ = {isa = PBXBuildFile; fileRef = 7FF9D10E2B35C3F8002307C5 /* TopView.swift */; };
		7FF9D1112B35CAE2002307C5 /* ButtonDeatails.swift in Sources */ = {isa = PBXBuildFile; fileRef = 7FF9D1102B35CAE2002307C5 /* ButtonDeatails.swift */; };
/* End PBXBuildFile section */

/* Begin PBXFileReference section */
		7F294B612B3478DD0020C17E /* HotelTestTask.app */ = {isa = PBXFileReference; explicitFileType = wrapper.application; includeInIndex = 0; path = HotelTestTask.app; sourceTree = BUILT_PRODUCTS_DIR; };
		7F294B642B3478DD0020C17E /* AppDelegate.swift */ = {isa = PBXFileReference; lastKnownFileType = sourcecode.swift; path = AppDelegate.swift; sourceTree = "<group>"; };
		7F294B662B3478DD0020C17E /* SceneDelegate.swift */ = {isa = PBXFileReference; lastKnownFileType = sourcecode.swift; path = SceneDelegate.swift; sourceTree = "<group>"; };
		7F294B6D2B3478DF0020C17E /* Assets.xcassets */ = {isa = PBXFileReference; lastKnownFileType = folder.assetcatalog; path = Assets.xcassets; sourceTree = "<group>"; };
		7F294B702B3478DF0020C17E /* Base */ = {isa = PBXFileReference; lastKnownFileType = file.storyboard; name = Base; path = Base.lproj/LaunchScreen.storyboard; sourceTree = "<group>"; };
		7F294B722B3478DF0020C17E /* Info.plist */ = {isa = PBXFileReference; lastKnownFileType = text.plist.xml; path = Info.plist; sourceTree = "<group>"; };
		7F294B7F2B347D160020C17E /* Coordinator.swift */ = {isa = PBXFileReference; lastKnownFileType = sourcecode.swift; path = Coordinator.swift; sourceTree = "<group>"; };
		7F294B812B347D710020C17E /* AppCoordinator.swift */ = {isa = PBXFileReference; lastKnownFileType = sourcecode.swift; path = AppCoordinator.swift; sourceTree = "<group>"; };
		7F294B832B347DC40020C17E /* HotelView.swift */ = {isa = PBXFileReference; lastKnownFileType = sourcecode.swift; path = HotelView.swift; sourceTree = "<group>"; };
		7F294B852B347DD20020C17E /* HotelCoordinator.swift */ = {isa = PBXFileReference; lastKnownFileType = sourcecode.swift; path = HotelCoordinator.swift; sourceTree = "<group>"; };
		7F294B872B347E060020C17E /* HotelViewModel.swift */ = {isa = PBXFileReference; lastKnownFileType = sourcecode.swift; path = HotelViewModel.swift; sourceTree = "<group>"; };
		7F294B892B347EDF0020C17E /* Hotel.swift */ = {isa = PBXFileReference; lastKnownFileType = sourcecode.swift; path = Hotel.swift; sourceTree = "<group>"; };
		7F294B8C2B347F590020C17E /* ApiManager.swift */ = {isa = PBXFileReference; lastKnownFileType = sourcecode.swift; path = ApiManager.swift; sourceTree = "<group>"; };
		7F294B8F2B34816F0020C17E /* SFProDisplay-Semibold.ttf */ = {isa = PBXFileReference; lastKnownFileType = file; path = "SFProDisplay-Semibold.ttf"; sourceTree = "<group>"; };
		7F294B902B34816F0020C17E /* SFProDisplay-Medium.ttf */ = {isa = PBXFileReference; lastKnownFileType = file; path = "SFProDisplay-Medium.ttf"; sourceTree = "<group>"; };
		7F294B912B34816F0020C17E /* SFProDisplay-Bold.ttf */ = {isa = PBXFileReference; lastKnownFileType = file; path = "SFProDisplay-Bold.ttf"; sourceTree = "<group>"; };
		7F294B922B34816F0020C17E /* SFProDisplay-Regular.ttf */ = {isa = PBXFileReference; lastKnownFileType = file; path = "SFProDisplay-Regular.ttf"; sourceTree = "<group>"; };
		7F294B972B3481880020C17E /* SFProText.swift */ = {isa = PBXFileReference; lastKnownFileType = sourcecode.swift; path = SFProText.swift; sourceTree = "<group>"; };
		7F294B9A2B34C5AE0020C17E /* ExtUIColor.swift */ = {isa = PBXFileReference; lastKnownFileType = sourcecode.swift; path = ExtUIColor.swift; sourceTree = "<group>"; };
		7F294B9D2B34C82D0020C17E /* PhotoView.swift */ = {isa = PBXFileReference; lastKnownFileType = sourcecode.swift; path = PhotoView.swift; sourceTree = "<group>"; };
		7F294B9F2B34C90C0020C17E /* StarView.swift */ = {isa = PBXFileReference; lastKnownFileType = sourcecode.swift; path = StarView.swift; sourceTree = "<group>"; };
		7F294BA12B34CE1B0020C17E /* PriceView.swift */ = {isa = PBXFileReference; lastKnownFileType = sourcecode.swift; path = PriceView.swift; sourceTree = "<group>"; };
		7F294BA42B34D0A10020C17E /* SizeReader.swift */ = {isa = PBXFileReference; lastKnownFileType = sourcecode.swift; path = SizeReader.swift; sourceTree = "<group>"; };
		7F294BA62B34D0C00020C17E /* _PeculiaritiesView.swift */ = {isa = PBXFileReference; lastKnownFileType = sourcecode.swift; path = _PeculiaritiesView.swift; sourceTree = "<group>"; };
		7F294BA82B34D0D10020C17E /* PeculiaritiesV.swift */ = {isa = PBXFileReference; lastKnownFileType = sourcecode.swift; path = PeculiaritiesV.swift; sourceTree = "<group>"; };
		7F294BAC2B34D2D20020C17E /* AboutHotel.swift */ = {isa = PBXFileReference; lastKnownFileType = sourcecode.swift; path = AboutHotel.swift; sourceTree = "<group>"; };
		7F294BB12B34DBC80020C17E /* RoomsCoordinator.swift */ = {isa = PBXFileReference; lastKnownFileType = sourcecode.swift; path = RoomsCoordinator.swift; sourceTree = "<group>"; };
		7F294BB32B34DBF80020C17E /* RoomsViewModel.swift */ = {isa = PBXFileReference; lastKnownFileType = sourcecode.swift; path = RoomsViewModel.swift; sourceTree = "<group>"; };
		7F294BB52B34DC0F0020C17E /* RoomsView.swift */ = {isa = PBXFileReference; lastKnownFileType = sourcecode.swift; path = RoomsView.swift; sourceTree = "<group>"; };
		7F7427072B36312500770A5B /* ReservationView.swift */ = {isa = PBXFileReference; lastKnownFileType = sourcecode.swift; path = ReservationView.swift; sourceTree = "<group>"; };
		7F7427092B36313100770A5B /* ReservationViewModel.swift */ = {isa = PBXFileReference; lastKnownFileType = sourcecode.swift; path = ReservationViewModel.swift; sourceTree = "<group>"; };
		7F74270B2B36313D00770A5B /* ReservationCoordinator.swift */ = {isa = PBXFileReference; lastKnownFileType = sourcecode.swift; path = ReservationCoordinator.swift; sourceTree = "<group>"; };
		7F74270F2B3632F000770A5B /* Reservation.swift */ = {isa = PBXFileReference; lastKnownFileType = sourcecode.swift; path = Reservation.swift; sourceTree = "<group>"; };
		7F7427122B36346F00770A5B /* HotelBlock.swift */ = {isa = PBXFileReference; lastKnownFileType = sourcecode.swift; path = HotelBlock.swift; sourceTree = "<group>"; };
		7F7427152B3639E100770A5B /* ReservationDetails.swift */ = {isa = PBXFileReference; lastKnownFileType = sourcecode.swift; path = ReservationDetails.swift; sourceTree = "<group>"; };
		7F7427172B3639EE00770A5B /* ReservationDetailsText.swift */ = {isa = PBXFileReference; lastKnownFileType = sourcecode.swift; path = ReservationDetailsText.swift; sourceTree = "<group>"; };
		7F74271A2B3766DC00770A5B /* BuyerInformation.swift */ = {isa = PBXFileReference; lastKnownFileType = sourcecode.swift; path = BuyerInformation.swift; sourceTree = "<group>"; };
		7FA0398C2B38C43B000F2388 /* TotalPrice.swift */ = {isa = PBXFileReference; lastKnownFileType = sourcecode.swift; path = TotalPrice.swift; sourceTree = "<group>"; };
		7FA039912B3A16C9000F2388 /* SectionTouristView.swift */ = {isa = PBXFileReference; lastKnownFileType = sourcecode.swift; path = SectionTouristView.swift; sourceTree = "<group>"; };
		7FA039932B3A18D0000F2388 /* TouristTextFieldView.swift */ = {isa = PBXFileReference; lastKnownFileType = sourcecode.swift; path = TouristTextFieldView.swift; sourceTree = "<group>"; };
		7FA039952B3C00AA000F2388 /* Tourist.swift */ = {isa = PBXFileReference; lastKnownFileType = sourcecode.swift; path = Tourist.swift; sourceTree = "<group>"; };
		7FA039972B3C1F35000F2388 /* TouristDropDownView.swift */ = {isa = PBXFileReference; lastKnownFileType = sourcecode.swift; path = TouristDropDownView.swift; sourceTree = "<group>"; };
		7FA0399A2B414F85000F2388 /* AddTourist.swift */ = {isa = PBXFileReference; lastKnownFileType = sourcecode.swift; path = AddTourist.swift; sourceTree = "<group>"; };
		7FF9D1072B35C2AC002307C5 /* Room.swift */ = {isa = PBXFileReference; lastKnownFileType = sourcecode.swift; path = Room.swift; sourceTree = "<group>"; };
		7FF9D1092B35C302002307C5 /* Rooms.swift */ = {isa = PBXFileReference; lastKnownFileType = sourcecode.swift; path = Rooms.swift; sourceTree = "<group>"; };
		7FF9D10E2B35C3F8002307C5 /* TopView.swift */ = {isa = PBXFileReference; lastKnownFileType = sourcecode.swift; path = TopView.swift; sourceTree = "<group>"; };
		7FF9D1102B35CAE2002307C5 /* ButtonDeatails.swift */ = {isa = PBXFileReference; lastKnownFileType = sourcecode.swift; path = ButtonDeatails.swift; sourceTree = "<group>"; };
/* End PBXFileReference section */

/* Begin PBXFrameworksBuildPhase section */
		7F294B5E2B3478DD0020C17E /* Frameworks */ = {
			isa = PBXFrameworksBuildPhase;
			buildActionMask = 2147483647;
			files = (
			);
			runOnlyForDeploymentPostprocessing = 0;
		};
/* End PBXFrameworksBuildPhase section */

/* Begin PBXGroup section */
		7F294B582B3478DD0020C17E = {
			isa = PBXGroup;
			children = (
				7F294B632B3478DD0020C17E /* HotelTestTask */,
				7F294B622B3478DD0020C17E /* Products */,
			);
			sourceTree = "<group>";
		};
		7F294B622B3478DD0020C17E /* Products */ = {
			isa = PBXGroup;
			children = (
				7F294B612B3478DD0020C17E /* HotelTestTask.app */,
			);
			name = Products;
			sourceTree = "<group>";
		};
		7F294B632B3478DD0020C17E /* HotelTestTask */ = {
			isa = PBXGroup;
			children = (
				7F294B792B347CA30020C17E /* Model */,
				7F294B7A2B347CAC0020C17E /* Hotel */,
				7F294BAE2B34DB9E0020C17E /* RoomsView */,
				7F7427062B36311300770A5B /* Reservation */,
				7F294B7D2B347CD60020C17E /* Common */,
				7F294B782B347C8D0020C17E /* SupportingFile */,
				7F294B722B3478DF0020C17E /* Info.plist */,
			);
			path = HotelTestTask;
			sourceTree = "<group>";
		};
		7F294B782B347C8D0020C17E /* SupportingFile */ = {
			isa = PBXGroup;
			children = (
				7F294B8E2B3481600020C17E /* Font */,
				7F294B642B3478DD0020C17E /* AppDelegate.swift */,
				7F294B662B3478DD0020C17E /* SceneDelegate.swift */,
				7F294B6D2B3478DF0020C17E /* Assets.xcassets */,
				7F294B6F2B3478DF0020C17E /* LaunchScreen.storyboard */,
				7F294B812B347D710020C17E /* AppCoordinator.swift */,
			);
			path = SupportingFile;
			sourceTree = "<group>";
		};
		7F294B792B347CA30020C17E /* Model */ = {
			isa = PBXGroup;
			children = (
				7F294B892B347EDF0020C17E /* Hotel.swift */,
				7FF9D1072B35C2AC002307C5 /* Room.swift */,
				7FF9D1092B35C302002307C5 /* Rooms.swift */,
				7F74270F2B3632F000770A5B /* Reservation.swift */,
				7FA039952B3C00AA000F2388 /* Tourist.swift */,
			);
			path = Model;
			sourceTree = "<group>";
		};
		7F294B7A2B347CAC0020C17E /* Hotel */ = {
			isa = PBXGroup;
			children = (
				7F294B7B2B347CB70020C17E /* View */,
				7F294B7C2B347CBC0020C17E /* ViewModel */,
				7F294B852B347DD20020C17E /* HotelCoordinator.swift */,
			);
			path = Hotel;
			sourceTree = "<group>";
		};
		7F294B7B2B347CB70020C17E /* View */ = {
			isa = PBXGroup;
			children = (
				7F294B832B347DC40020C17E /* HotelView.swift */,
				7F294B9C2B34C81E0020C17E /* SubViews */,
			);
			path = View;
			sourceTree = "<group>";
		};
		7F294B7C2B347CBC0020C17E /* ViewModel */ = {
			isa = PBXGroup;
			children = (
				7F294B872B347E060020C17E /* HotelViewModel.swift */,
			);
			path = ViewModel;
			sourceTree = "<group>";
		};
		7F294B7D2B347CD60020C17E /* Common */ = {
			isa = PBXGroup;
			children = (
				7F294B992B34C5980020C17E /* Ext */,
				7F294B8B2B347F420020C17E /* API */,
				7F294B7E2B347CE30020C17E /* Protocols */,
			);
			name = Common;
			sourceTree = "<group>";
		};
		7F294B7E2B347CE30020C17E /* Protocols */ = {
			isa = PBXGroup;
			children = (
				7F294B7F2B347D160020C17E /* Coordinator.swift */,
			);
			name = Protocols;
			sourceTree = "<group>";
		};
		7F294B8B2B347F420020C17E /* API */ = {
			isa = PBXGroup;
			children = (
				7F294B8C2B347F590020C17E /* ApiManager.swift */,
			);
			name = API;
			sourceTree = "<group>";
		};
		7F294B8E2B3481600020C17E /* Font */ = {
			isa = PBXGroup;
			children = (
				7F294B912B34816F0020C17E /* SFProDisplay-Bold.ttf */,
				7F294B902B34816F0020C17E /* SFProDisplay-Medium.ttf */,
				7F294B922B34816F0020C17E /* SFProDisplay-Regular.ttf */,
				7F294B8F2B34816F0020C17E /* SFProDisplay-Semibold.ttf */,
			);
			path = Font;
			sourceTree = "<group>";
		};
		7F294B992B34C5980020C17E /* Ext */ = {
			isa = PBXGroup;
			children = (
				7F294B972B3481880020C17E /* SFProText.swift */,
				7F294B9A2B34C5AE0020C17E /* ExtUIColor.swift */,
			);
			name = Ext;
			sourceTree = "<group>";
		};
		7F294B9C2B34C81E0020C17E /* SubViews */ = {
			isa = PBXGroup;
			children = (
				7F294B9D2B34C82D0020C17E /* PhotoView.swift */,
				7F294B9F2B34C90C0020C17E /* StarView.swift */,
				7F294BA12B34CE1B0020C17E /* PriceView.swift */,
				7F294BA32B34D0800020C17E /* PeculiaritiesView */,
				7F294BAC2B34D2D20020C17E /* AboutHotel.swift */,
			);
			path = SubViews;
			sourceTree = "<group>";
		};
		7F294BA32B34D0800020C17E /* PeculiaritiesView */ = {
			isa = PBXGroup;
			children = (
				7F294BA42B34D0A10020C17E /* SizeReader.swift */,
				7F294BA62B34D0C00020C17E /* _PeculiaritiesView.swift */,
				7F294BA82B34D0D10020C17E /* PeculiaritiesV.swift */,
			);
			path = PeculiaritiesView;
			sourceTree = "<group>";
		};
		7F294BAE2B34DB9E0020C17E /* RoomsView */ = {
			isa = PBXGroup;
			children = (
				7F294BAF2B34DBAA0020C17E /* View */,
				7F294BB02B34DBAF0020C17E /* ViewModel */,
				7F294BB12B34DBC80020C17E /* RoomsCoordinator.swift */,
			);
			path = RoomsView;
			sourceTree = "<group>";
		};
		7F294BAF2B34DBAA0020C17E /* View */ = {
			isa = PBXGroup;
			children = (
				7F294BB52B34DC0F0020C17E /* RoomsView.swift */,
				7FF9D10B2B35C3DB002307C5 /* SubViews */,
			);
			path = View;
			sourceTree = "<group>";
		};
		7F294BB02B34DBAF0020C17E /* ViewModel */ = {
			isa = PBXGroup;
			children = (
				7F294BB32B34DBF80020C17E /* RoomsViewModel.swift */,
			);
			path = ViewModel;
			sourceTree = "<group>";
		};
		7F7427062B36311300770A5B /* Reservation */ = {
			isa = PBXGroup;
			children = (
				7F74270D2B3632D800770A5B /* View */,
				7F74270E2B3632DE00770A5B /* ViewModel */,
				7F74270B2B36313D00770A5B /* ReservationCoordinator.swift */,
			);
			path = Reservation;
			sourceTree = "<group>";
		};
		7F74270D2B3632D800770A5B /* View */ = {
			isa = PBXGroup;
			children = (
				7F7427072B36312500770A5B /* ReservationView.swift */,
				7F7427112B36346000770A5B /* SubViews */,
			);
			path = View;
			sourceTree = "<group>";
		};
		7F74270E2B3632DE00770A5B /* ViewModel */ = {
			isa = PBXGroup;
			children = (
				7F7427092B36313100770A5B /* ReservationViewModel.swift */,
			);
			path = ViewModel;
			sourceTree = "<group>";
		};
		7F7427112B36346000770A5B /* SubViews */ = {
			isa = PBXGroup;
			children = (
				7F7427192B3766AF00770A5B /* BuyerInformation */,
				7F7427142B3639CD00770A5B /* ReservationsDetails */,
				7FA0398E2B3A1656000F2388 /* Tourist */,
				7F7427122B36346F00770A5B /* HotelBlock.swift */,
				7FA0398C2B38C43B000F2388 /* TotalPrice.swift */,
			);
			path = SubViews;
			sourceTree = "<group>";
		};
		7F7427142B3639CD00770A5B /* ReservationsDetails */ = {
			isa = PBXGroup;
			children = (
				7F7427152B3639E100770A5B /* ReservationDetails.swift */,
				7F7427172B3639EE00770A5B /* ReservationDetailsText.swift */,
			);
			path = ReservationsDetails;
			sourceTree = "<group>";
		};
		7F7427192B3766AF00770A5B /* BuyerInformation */ = {
			isa = PBXGroup;
			children = (
				7F74271A2B3766DC00770A5B /* BuyerInformation.swift */,
			);
			path = BuyerInformation;
			sourceTree = "<group>";
		};
		7FA0398E2B3A1656000F2388 /* Tourist */ = {
			isa = PBXGroup;
			children = (
				7FA039972B3C1F35000F2388 /* TouristDropDownView.swift */,
				7FA039912B3A16C9000F2388 /* SectionTouristView.swift */,
				7FA039932B3A18D0000F2388 /* TouristTextFieldView.swift */,
				7FA0399A2B414F85000F2388 /* AddTourist.swift */,
			);
			path = Tourist;
			sourceTree = "<group>";
		};
		7FF9D10B2B35C3DB002307C5 /* SubViews */ = {
			isa = PBXGroup;
			children = (
				7FF9D10E2B35C3F8002307C5 /* TopView.swift */,
				7FF9D1102B35CAE2002307C5 /* ButtonDeatails.swift */,
			);
			path = SubViews;
			sourceTree = "<group>";
		};
/* End PBXGroup section */

/* Begin PBXNativeTarget section */
		7F294B602B3478DD0020C17E /* HotelTestTask */ = {
			isa = PBXNativeTarget;
			buildConfigurationList = 7F294B752B3478DF0020C17E /* Build configuration list for PBXNativeTarget "HotelTestTask" */;
			buildPhases = (
				7F294B5D2B3478DD0020C17E /* Sources */,
				7F294B5E2B3478DD0020C17E /* Frameworks */,
				7F294B5F2B3478DD0020C17E /* Resources */,
			);
			buildRules = (
			);
			dependencies = (
			);
			name = HotelTestTask;
			productName = HotelTestTask;
			productReference = 7F294B612B3478DD0020C17E /* HotelTestTask.app */;
			productType = "com.apple.product-type.application";
		};
/* End PBXNativeTarget section */

/* Begin PBXProject section */
		7F294B592B3478DD0020C17E /* Project object */ = {
			isa = PBXProject;
			attributes = {
				BuildIndependentTargetsInParallel = 1;
				LastSwiftUpdateCheck = 1500;
				LastUpgradeCheck = 1500;
				TargetAttributes = {
					7F294B602B3478DD0020C17E = {
						CreatedOnToolsVersion = 15.0;
					};
				};
			};
			buildConfigurationList = 7F294B5C2B3478DD0020C17E /* Build configuration list for PBXProject "HotelTestTask" */;
			compatibilityVersion = "Xcode 14.0";
			developmentRegion = en;
			hasScannedForEncodings = 0;
			knownRegions = (
				en,
				Base,
			);
			mainGroup = 7F294B582B3478DD0020C17E;
			productRefGroup = 7F294B622B3478DD0020C17E /* Products */;
			projectDirPath = "";
			projectRoot = "";
			targets = (
				7F294B602B3478DD0020C17E /* HotelTestTask */,
			);
		};
/* End PBXProject section */

/* Begin PBXResourcesBuildPhase section */
		7F294B5F2B3478DD0020C17E /* Resources */ = {
			isa = PBXResourcesBuildPhase;
			buildActionMask = 2147483647;
			files = (
				7F294B712B3478DF0020C17E /* LaunchScreen.storyboard in Resources */,
				7F294B942B34816F0020C17E /* SFProDisplay-Medium.ttf in Resources */,
				7F294B952B34816F0020C17E /* SFProDisplay-Bold.ttf in Resources */,
				7F294B962B34816F0020C17E /* SFProDisplay-Regular.ttf in Resources */,
				7F294B932B34816F0020C17E /* SFProDisplay-Semibold.ttf in Resources */,
				7F294B6E2B3478DF0020C17E /* Assets.xcassets in Resources */,
			);
			runOnlyForDeploymentPostprocessing = 0;
		};
/* End PBXResourcesBuildPhase section */

/* Begin PBXSourcesBuildPhase section */
		7F294B5D2B3478DD0020C17E /* Sources */ = {
			isa = PBXSourcesBuildPhase;
			buildActionMask = 2147483647;
			files = (
				7F74270A2B36313100770A5B /* ReservationViewModel.swift in Sources */,
				7F294BA72B34D0C00020C17E /* _PeculiaritiesView.swift in Sources */,
				7F294B822B347D710020C17E /* AppCoordinator.swift in Sources */,
				7F294BB22B34DBC80020C17E /* RoomsCoordinator.swift in Sources */,
				7F294B982B3481880020C17E /* SFProText.swift in Sources */,
				7F74270C2B36313D00770A5B /* ReservationCoordinator.swift in Sources */,
				7F294BA02B34C90C0020C17E /* StarView.swift in Sources */,
				7F294B8D2B347F590020C17E /* ApiManager.swift in Sources */,
				7F7427132B36346F00770A5B /* HotelBlock.swift in Sources */,
				7F7427162B3639E100770A5B /* ReservationDetails.swift in Sources */,
				7F294BA92B34D0D10020C17E /* PeculiaritiesV.swift in Sources */,
				7F294B9E2B34C82D0020C17E /* PhotoView.swift in Sources */,
				7F294B652B3478DD0020C17E /* AppDelegate.swift in Sources */,
				7FA0399B2B414F85000F2388 /* AddTourist.swift in Sources */,
				7F7427082B36312500770A5B /* ReservationView.swift in Sources */,
				7FA0398D2B38C43B000F2388 /* TotalPrice.swift in Sources */,
				7F294B8A2B347EDF0020C17E /* Hotel.swift in Sources */,
				7FF9D1082B35C2AC002307C5 /* Room.swift in Sources */,
				7FA039942B3A18D0000F2388 /* TouristTextFieldView.swift in Sources */,
				7F294B9B2B34C5AE0020C17E /* ExtUIColor.swift in Sources */,
				7FF9D1112B35CAE2002307C5 /* ButtonDeatails.swift in Sources */,
				7F294BA22B34CE1B0020C17E /* PriceView.swift in Sources */,
				7F294B842B347DC40020C17E /* HotelView.swift in Sources */,
				7F7427182B3639EE00770A5B /* ReservationDetailsText.swift in Sources */,
				7F294B672B3478DD0020C17E /* SceneDelegate.swift in Sources */,
				7F294B802B347D160020C17E /* Coordinator.swift in Sources */,
				7F294BAD2B34D2D20020C17E /* AboutHotel.swift in Sources */,
				7F294B882B347E060020C17E /* HotelViewModel.swift in Sources */,
				7FA039962B3C00AA000F2388 /* Tourist.swift in Sources */,
				7FA039982B3C1F35000F2388 /* TouristDropDownView.swift in Sources */,
				7F294B862B347DD20020C17E /* HotelCoordinator.swift in Sources */,
				7F7427102B3632F000770A5B /* Reservation.swift in Sources */,
				7FA039922B3A16C9000F2388 /* SectionTouristView.swift in Sources */,
				7F294BB62B34DC0F0020C17E /* RoomsView.swift in Sources */,
				7F294BA52B34D0A10020C17E /* SizeReader.swift in Sources */,
				7FF9D10A2B35C302002307C5 /* Rooms.swift in Sources */,
				7F74271B2B3766DC00770A5B /* BuyerInformation.swift in Sources */,
				7FF9D10F2B35C3F8002307C5 /* TopView.swift in Sources */,
				7F294BB42B34DBF80020C17E /* RoomsViewModel.swift in Sources */,
			);
			runOnlyForDeploymentPostprocessing = 0;
		};
/* End PBXSourcesBuildPhase section */

/* Begin PBXVariantGroup section */
		7F294B6F2B3478DF0020C17E /* LaunchScreen.storyboard */ = {
			isa = PBXVariantGroup;
			children = (
				7F294B702B3478DF0020C17E /* Base */,
			);
			name = LaunchScreen.storyboard;
			sourceTree = "<group>";
		};
/* End PBXVariantGroup section */

/* Begin XCBuildConfiguration section */
		7F294B732B3478DF0020C17E /* Debug */ = {
			isa = XCBuildConfiguration;
			buildSettings = {
				ALWAYS_SEARCH_USER_PATHS = NO;
				ASSETCATALOG_COMPILER_GENERATE_SWIFT_ASSET_SYMBOL_EXTENSIONS = YES;
				CLANG_ANALYZER_NONNULL = YES;
				CLANG_ANALYZER_NUMBER_OBJECT_CONVERSION = YES_AGGRESSIVE;
				CLANG_CXX_LANGUAGE_STANDARD = "gnu++20";
				CLANG_ENABLE_MODULES = YES;
				CLANG_ENABLE_OBJC_ARC = YES;
				CLANG_ENABLE_OBJC_WEAK = YES;
				CLANG_WARN_BLOCK_CAPTURE_AUTORELEASING = YES;
				CLANG_WARN_BOOL_CONVERSION = YES;
				CLANG_WARN_COMMA = YES;
				CLANG_WARN_CONSTANT_CONVERSION = YES;
				CLANG_WARN_DEPRECATED_OBJC_IMPLEMENTATIONS = YES;
				CLANG_WARN_DIRECT_OBJC_ISA_USAGE = YES_ERROR;
				CLANG_WARN_DOCUMENTATION_COMMENTS = YES;
				CLANG_WARN_EMPTY_BODY = YES;
				CLANG_WARN_ENUM_CONVERSION = YES;
				CLANG_WARN_INFINITE_RECURSION = YES;
				CLANG_WARN_INT_CONVERSION = YES;
				CLANG_WARN_NON_LITERAL_NULL_CONVERSION = YES;
				CLANG_WARN_OBJC_IMPLICIT_RETAIN_SELF = YES;
				CLANG_WARN_OBJC_LITERAL_CONVERSION = YES;
				CLANG_WARN_OBJC_ROOT_CLASS = YES_ERROR;
				CLANG_WARN_QUOTED_INCLUDE_IN_FRAMEWORK_HEADER = YES;
				CLANG_WARN_RANGE_LOOP_ANALYSIS = YES;
				CLANG_WARN_STRICT_PROTOTYPES = YES;
				CLANG_WARN_SUSPICIOUS_MOVE = YES;
				CLANG_WARN_UNGUARDED_AVAILABILITY = YES_AGGRESSIVE;
				CLANG_WARN_UNREACHABLE_CODE = YES;
				CLANG_WARN__DUPLICATE_METHOD_MATCH = YES;
				COPY_PHASE_STRIP = NO;
				DEBUG_INFORMATION_FORMAT = dwarf;
				ENABLE_STRICT_OBJC_MSGSEND = YES;
				ENABLE_TESTABILITY = YES;
				ENABLE_USER_SCRIPT_SANDBOXING = YES;
				GCC_C_LANGUAGE_STANDARD = gnu17;
				GCC_DYNAMIC_NO_PIC = NO;
				GCC_NO_COMMON_BLOCKS = YES;
				GCC_OPTIMIZATION_LEVEL = 0;
				GCC_PREPROCESSOR_DEFINITIONS = (
					"DEBUG=1",
					"$(inherited)",
				);
				GCC_WARN_64_TO_32_BIT_CONVERSION = YES;
				GCC_WARN_ABOUT_RETURN_TYPE = YES_ERROR;
				GCC_WARN_UNDECLARED_SELECTOR = YES;
				GCC_WARN_UNINITIALIZED_AUTOS = YES_AGGRESSIVE;
				GCC_WARN_UNUSED_FUNCTION = YES;
				GCC_WARN_UNUSED_VARIABLE = YES;
				IPHONEOS_DEPLOYMENT_TARGET = 17.0;
				LOCALIZATION_PREFERS_STRING_CATALOGS = YES;
				MTL_ENABLE_DEBUG_INFO = INCLUDE_SOURCE;
				MTL_FAST_MATH = YES;
				ONLY_ACTIVE_ARCH = YES;
				SDKROOT = iphoneos;
				SWIFT_ACTIVE_COMPILATION_CONDITIONS = "DEBUG $(inherited)";
				SWIFT_OPTIMIZATION_LEVEL = "-Onone";
			};
			name = Debug;
		};
		7F294B742B3478DF0020C17E /* Release */ = {
			isa = XCBuildConfiguration;
			buildSettings = {
				ALWAYS_SEARCH_USER_PATHS = NO;
				ASSETCATALOG_COMPILER_GENERATE_SWIFT_ASSET_SYMBOL_EXTENSIONS = YES;
				CLANG_ANALYZER_NONNULL = YES;
				CLANG_ANALYZER_NUMBER_OBJECT_CONVERSION = YES_AGGRESSIVE;
				CLANG_CXX_LANGUAGE_STANDARD = "gnu++20";
				CLANG_ENABLE_MODULES = YES;
				CLANG_ENABLE_OBJC_ARC = YES;
				CLANG_ENABLE_OBJC_WEAK = YES;
				CLANG_WARN_BLOCK_CAPTURE_AUTORELEASING = YES;
				CLANG_WARN_BOOL_CONVERSION = YES;
				CLANG_WARN_COMMA = YES;
				CLANG_WARN_CONSTANT_CONVERSION = YES;
				CLANG_WARN_DEPRECATED_OBJC_IMPLEMENTATIONS = YES;
				CLANG_WARN_DIRECT_OBJC_ISA_USAGE = YES_ERROR;
				CLANG_WARN_DOCUMENTATION_COMMENTS = YES;
				CLANG_WARN_EMPTY_BODY = YES;
				CLANG_WARN_ENUM_CONVERSION = YES;
				CLANG_WARN_INFINITE_RECURSION = YES;
				CLANG_WARN_INT_CONVERSION = YES;
				CLANG_WARN_NON_LITERAL_NULL_CONVERSION = YES;
				CLANG_WARN_OBJC_IMPLICIT_RETAIN_SELF = YES;
				CLANG_WARN_OBJC_LITERAL_CONVERSION = YES;
				CLANG_WARN_OBJC_ROOT_CLASS = YES_ERROR;
				CLANG_WARN_QUOTED_INCLUDE_IN_FRAMEWORK_HEADER = YES;
				CLANG_WARN_RANGE_LOOP_ANALYSIS = YES;
				CLANG_WARN_STRICT_PROTOTYPES = YES;
				CLANG_WARN_SUSPICIOUS_MOVE = YES;
				CLANG_WARN_UNGUARDED_AVAILABILITY = YES_AGGRESSIVE;
				CLANG_WARN_UNREACHABLE_CODE = YES;
				CLANG_WARN__DUPLICATE_METHOD_MATCH = YES;
				COPY_PHASE_STRIP = NO;
				DEBUG_INFORMATION_FORMAT = "dwarf-with-dsym";
				ENABLE_NS_ASSERTIONS = NO;
				ENABLE_STRICT_OBJC_MSGSEND = YES;
				ENABLE_USER_SCRIPT_SANDBOXING = YES;
				GCC_C_LANGUAGE_STANDARD = gnu17;
				GCC_NO_COMMON_BLOCKS = YES;
				GCC_WARN_64_TO_32_BIT_CONVERSION = YES;
				GCC_WARN_ABOUT_RETURN_TYPE = YES_ERROR;
				GCC_WARN_UNDECLARED_SELECTOR = YES;
				GCC_WARN_UNINITIALIZED_AUTOS = YES_AGGRESSIVE;
				GCC_WARN_UNUSED_FUNCTION = YES;
				GCC_WARN_UNUSED_VARIABLE = YES;
				IPHONEOS_DEPLOYMENT_TARGET = 17.0;
				LOCALIZATION_PREFERS_STRING_CATALOGS = YES;
				MTL_ENABLE_DEBUG_INFO = NO;
				MTL_FAST_MATH = YES;
				SDKROOT = iphoneos;
				SWIFT_COMPILATION_MODE = wholemodule;
				VALIDATE_PRODUCT = YES;
			};
			name = Release;
		};
		7F294B762B3478DF0020C17E /* Debug */ = {
			isa = XCBuildConfiguration;
			buildSettings = {
				ASSETCATALOG_COMPILER_APPICON_NAME = AppIcon;
				ASSETCATALOG_COMPILER_GLOBAL_ACCENT_COLOR_NAME = AccentColor;
				CODE_SIGN_STYLE = Automatic;
				CURRENT_PROJECT_VERSION = 1;
				DEVELOPMENT_TEAM = 4DA45JC35S;
				GENERATE_INFOPLIST_FILE = YES;
				INFOPLIST_FILE = HotelTestTask/Info.plist;
				INFOPLIST_KEY_UIApplicationSupportsIndirectInputEvents = YES;
				INFOPLIST_KEY_UILaunchStoryboardName = LaunchScreen;
				INFOPLIST_KEY_UISupportedInterfaceOrientations_iPad = "UIInterfaceOrientationPortrait UIInterfaceOrientationPortraitUpsideDown UIInterfaceOrientationLandscapeLeft UIInterfaceOrientationLandscapeRight";
				INFOPLIST_KEY_UISupportedInterfaceOrientations_iPhone = "UIInterfaceOrientationPortrait UIInterfaceOrientationLandscapeLeft UIInterfaceOrientationLandscapeRight";
				LD_RUNPATH_SEARCH_PATHS = (
					"$(inherited)",
					"@executable_path/Frameworks",
				);
				MARKETING_VERSION = 1.0;
				PRODUCT_BUNDLE_IDENTIFIER = VladimirDanilovich.HotelTestTask;
				PRODUCT_NAME = "$(TARGET_NAME)";
				SWIFT_EMIT_LOC_STRINGS = YES;
				SWIFT_VERSION = 5.0;
				TARGETED_DEVICE_FAMILY = "1,2";
			};
			name = Debug;
		};
		7F294B772B3478DF0020C17E /* Release */ = {
			isa = XCBuildConfiguration;
			buildSettings = {
				ASSETCATALOG_COMPILER_APPICON_NAME = AppIcon;
				ASSETCATALOG_COMPILER_GLOBAL_ACCENT_COLOR_NAME = AccentColor;
				CODE_SIGN_STYLE = Automatic;
				CURRENT_PROJECT_VERSION = 1;
				DEVELOPMENT_TEAM = 4DA45JC35S;
				GENERATE_INFOPLIST_FILE = YES;
				INFOPLIST_FILE = HotelTestTask/Info.plist;
				INFOPLIST_KEY_UIApplicationSupportsIndirectInputEvents = YES;
				INFOPLIST_KEY_UILaunchStoryboardName = LaunchScreen;
				INFOPLIST_KEY_UISupportedInterfaceOrientations_iPad = "UIInterfaceOrientationPortrait UIInterfaceOrientationPortraitUpsideDown UIInterfaceOrientationLandscapeLeft UIInterfaceOrientationLandscapeRight";
				INFOPLIST_KEY_UISupportedInterfaceOrientations_iPhone = "UIInterfaceOrientationPortrait UIInterfaceOrientationLandscapeLeft UIInterfaceOrientationLandscapeRight";
				LD_RUNPATH_SEARCH_PATHS = (
					"$(inherited)",
					"@executable_path/Frameworks",
				);
				MARKETING_VERSION = 1.0;
				PRODUCT_BUNDLE_IDENTIFIER = VladimirDanilovich.HotelTestTask;
				PRODUCT_NAME = "$(TARGET_NAME)";
				SWIFT_EMIT_LOC_STRINGS = YES;
				SWIFT_VERSION = 5.0;
				TARGETED_DEVICE_FAMILY = "1,2";
			};
			name = Release;
		};
/* End XCBuildConfiguration section */

/* Begin XCConfigurationList section */
		7F294B5C2B3478DD0020C17E /* Build configuration list for PBXProject "HotelTestTask" */ = {
			isa = XCConfigurationList;
			buildConfigurations = (
				7F294B732B3478DF0020C17E /* Debug */,
				7F294B742B3478DF0020C17E /* Release */,
			);
			defaultConfigurationIsVisible = 0;
			defaultConfigurationName = Release;
		};
		7F294B752B3478DF0020C17E /* Build configuration list for PBXNativeTarget "HotelTestTask" */ = {
			isa = XCConfigurationList;
			buildConfigurations = (
				7F294B762B3478DF0020C17E /* Debug */,
				7F294B772B3478DF0020C17E /* Release */,
			);
			defaultConfigurationIsVisible = 0;
			defaultConfigurationName = Release;
		};
/* End XCConfigurationList section */
	};
	rootObject = 7F294B592B3478DD0020C17E /* Project object */;
}
